// !$*UTF8*$!
{
	archiveVersion = 1;
	classes = {
	};
	objectVersion = 46;
	objects = {

/* Begin PBXBuildFile section */
		D3F3B0961AF59E1200F0D082 /* AppDelegate.swift in Sources */ = {isa = PBXBuildFile; fileRef = D3F3B0951AF59E1200F0D082 /* AppDelegate.swift */; };
		D3F3B0991AF59E1200F0D082 /* FinalProject.xcdatamodeld in Sources */ = {isa = PBXBuildFile; fileRef = D3F3B0971AF59E1200F0D082 /* FinalProject.xcdatamodeld */; };
		D3F3B09B1AF59E1200F0D082 /* ViewController.swift in Sources */ = {isa = PBXBuildFile; fileRef = D3F3B09A1AF59E1200F0D082 /* ViewController.swift */; };
		D3F3B09E1AF59E1200F0D082 /* Main.storyboard in Resources */ = {isa = PBXBuildFile; fileRef = D3F3B09C1AF59E1200F0D082 /* Main.storyboard */; };
		D3F3B0A01AF59E1200F0D082 /* Images.xcassets in Resources */ = {isa = PBXBuildFile; fileRef = D3F3B09F1AF59E1200F0D082 /* Images.xcassets */; };
		D3F3B0A31AF59E1200F0D082 /* LaunchScreen.xib in Resources */ = {isa = PBXBuildFile; fileRef = D3F3B0A11AF59E1200F0D082 /* LaunchScreen.xib */; };
		D3F3B0AF1AF59E1200F0D082 /* FinalProjectTests.swift in Sources */ = {isa = PBXBuildFile; fileRef = D3F3B0AE1AF59E1200F0D082 /* FinalProjectTests.swift */; };
/* End PBXBuildFile section */

/* Begin PBXContainerItemProxy section */
		D3F3B0A91AF59E1200F0D082 /* PBXContainerItemProxy */ = {
			isa = PBXContainerItemProxy;
			containerPortal = D3F3B0881AF59E1200F0D082 /* Project object */;
			proxyType = 1;
			remoteGlobalIDString = D3F3B08F1AF59E1200F0D082;
			remoteInfo = FinalProject;
		};
/* End PBXContainerItemProxy section */

/* Begin PBXFileReference section */
		D3F3B0901AF59E1200F0D082 /* FinalProject.app */ = {isa = PBXFileReference; explicitFileType = wrapper.application; includeInIndex = 0; path = FinalProject.app; sourceTree = BUILT_PRODUCTS_DIR; };
		D3F3B0941AF59E1200F0D082 /* Info.plist */ = {isa = PBXFileReference; lastKnownFileType = text.plist.xml; path = Info.plist; sourceTree = "<group>"; };
		D3F3B0951AF59E1200F0D082 /* AppDelegate.swift */ = {isa = PBXFileReference; lastKnownFileType = sourcecode.swift; path = AppDelegate.swift; sourceTree = "<group>"; };
		D3F3B0981AF59E1200F0D082 /* FinalProject.xcdatamodel */ = {isa = PBXFileReference; lastKnownFileType = wrapper.xcdatamodel; path = FinalProject.xcdatamodel; sourceTree = "<group>"; };
		D3F3B09A1AF59E1200F0D082 /* ViewController.swift */ = {isa = PBXFileReference; lastKnownFileType = sourcecode.swift; path = ViewController.swift; sourceTree = "<group>"; };
		D3F3B09D1AF59E1200F0D082 /* Base */ = {isa = PBXFileReference; lastKnownFileType = file.storyboard; name = Base; path = Base.lproj/Main.storyboard; sourceTree = "<group>"; };
		D3F3B09F1AF59E1200F0D082 /* Images.xcassets */ = {isa = PBXFileReference; lastKnownFileType = folder.assetcatalog; path = Images.xcassets; sourceTree = "<group>"; };
		D3F3B0A21AF59E1200F0D082 /* Base */ = {isa = PBXFileReference; lastKnownFileType = file.xib; name = Base; path = Base.lproj/LaunchScreen.xib; sourceTree = "<group>"; };
		D3F3B0A81AF59E1200F0D082 /* FinalProjectTests.xctest */ = {isa = PBXFileReference; explicitFileType = wrapper.cfbundle; includeInIndex = 0; path = FinalProjectTests.xctest; sourceTree = BUILT_PRODUCTS_DIR; };
		D3F3B0AD1AF59E1200F0D082 /* Info.plist */ = {isa = PBXFileReference; lastKnownFileType = text.plist.xml; path = Info.plist; sourceTree = "<group>"; };
		D3F3B0AE1AF59E1200F0D082 /* FinalProjectTests.swift */ = {isa = PBXFileReference; lastKnownFileType = sourcecode.swift; path = FinalProjectTests.swift; sourceTree = "<group>"; };
/* End PBXFileReference section */

/* Begin PBXFrameworksBuildPhase section */
		D3F3B08D1AF59E1200F0D082 /* Frameworks */ = {
			isa = PBXFrameworksBuildPhase;
			buildActionMask = 2147483647;
			files = (
			);
			runOnlyForDeploymentPostprocessing = 0;
		};
		D3F3B0A51AF59E1200F0D082 /* Frameworks */ = {
			isa = PBXFrameworksBuildPhase;
			buildActionMask = 2147483647;
			files = (
			);
			runOnlyForDeploymentPostprocessing = 0;
		};
/* End PBXFrameworksBuildPhase section */

/* Begin PBXGroup section */
		D3F3B0871AF59E1200F0D082 = {
			isa = PBXGroup;
			children = (
				D3F3B0921AF59E1200F0D082 /* FinalProject */,
				D3F3B0AB1AF59E1200F0D082 /* FinalProjectTests */,
				D3F3B0911AF59E1200F0D082 /* Products */,
			);
			sourceTree = "<group>";
		};
		D3F3B0911AF59E1200F0D082 /* Products */ = {
			isa = PBXGroup;
			children = (
				D3F3B0901AF59E1200F0D082 /* FinalProject.app */,
				D3F3B0A81AF59E1200F0D082 /* FinalProjectTests.xctest */,
			);
			name = Products;
			sourceTree = "<group>";
		};
		D3F3B0921AF59E1200F0D082 /* FinalProject */ = {
			isa = PBXGroup;
			children = (
				D3F3B0951AF59E1200F0D082 /* AppDelegate.swift */,
				D3F3B09A1AF59E1200F0D082 /* ViewController.swift */,
				D3F3B09C1AF59E1200F0D082 /* Main.storyboard */,
				D3F3B09F1AF59E1200F0D082 /* Images.xcassets */,
				D3F3B0A11AF59E1200F0D082 /* LaunchScreen.xib */,
				D3F3B0971AF59E1200F0D082 /* FinalProject.xcdatamodeld */,
				D3F3B0931AF59E1200F0D082 /* Supporting Files */,
			);
			path = FinalProject;
			sourceTree = "<group>";
		};
		D3F3B0931AF59E1200F0D082 /* Supporting Files */ = {
			isa = PBXGroup;
			children = (
				D3F3B0941AF59E1200F0D082 /* Info.plist */,
			);
			name = "Supporting Files";
			sourceTree = "<group>";
		};
		D3F3B0AB1AF59E1200F0D082 /* FinalProjectTests */ = {
			isa = PBXGroup;
			children = (
				D3F3B0AE1AF59E1200F0D082 /* FinalProjectTests.swift */,
				D3F3B0AC1AF59E1200F0D082 /* Supporting Files */,
			);
			path = FinalProjectTests;
			sourceTree = "<group>";
		};
		D3F3B0AC1AF59E1200F0D082 /* Supporting Files */ = {
			isa = PBXGroup;
			children = (
				D3F3B0AD1AF59E1200F0D082 /* Info.plist */,
			);
			name = "Supporting Files";
			sourceTree = "<group>";
		};
/* End PBXGroup section */

/* Begin PBXNativeTarget section */
		D3F3B08F1AF59E1200F0D082 /* FinalProject */ = {
			isa = PBXNativeTarget;
			buildConfigurationList = D3F3B0B21AF59E1200F0D082 /* Build configuration list for PBXNativeTarget "FinalProject" */;
			buildPhases = (
				D3F3B08C1AF59E1200F0D082 /* Sources */,
				D3F3B08D1AF59E1200F0D082 /* Frameworks */,
				D3F3B08E1AF59E1200F0D082 /* Resources */,
			);
			buildRules = (
			);
			dependencies = (
			);
			name = FinalProject;
			productName = FinalProject;
			productReference = D3F3B0901AF59E1200F0D082 /* FinalProject.app */;
			productType = "com.apple.product-type.application";
		};
		D3F3B0A71AF59E1200F0D082 /* FinalProjectTests */ = {
			isa = PBXNativeTarget;
			buildConfigurationList = D3F3B0B51AF59E1300F0D082 /* Build configuration list for PBXNativeTarget "FinalProjectTests" */;
			buildPhases = (
				D3F3B0A41AF59E1200F0D082 /* Sources */,
				D3F3B0A51AF59E1200F0D082 /* Frameworks */,
				D3F3B0A61AF59E1200F0D082 /* Resources */,
			);
			buildRules = (
			);
			dependencies = (
				D3F3B0AA1AF59E1200F0D082 /* PBXTargetDependency */,
			);
			name = FinalProjectTests;
			productName = FinalProjectTests;
			productReference = D3F3B0A81AF59E1200F0D082 /* FinalProjectTests.xctest */;
			productType = "com.apple.product-type.bundle.unit-test";
		};
/* End PBXNativeTarget section */

/* Begin PBXProject section */
		D3F3B0881AF59E1200F0D082 /* Project object */ = {
			isa = PBXProject;
			attributes = {
				LastUpgradeCheck = 0620;
				ORGANIZATIONNAME = "Xiaoyan Wu";
				TargetAttributes = {
					D3F3B08F1AF59E1200F0D082 = {
						CreatedOnToolsVersion = 6.2;
					};
					D3F3B0A71AF59E1200F0D082 = {
						CreatedOnToolsVersion = 6.2;
						TestTargetID = D3F3B08F1AF59E1200F0D082;
					};
				};
			};
			buildConfigurationList = D3F3B08B1AF59E1200F0D082 /* Build configuration list for PBXProject "FinalProject" */;
			compatibilityVersion = "Xcode 3.2";
			developmentRegion = English;
			hasScannedForEncodings = 0;
			knownRegions = (
				en,
				Base,
			);
			mainGroup = D3F3B0871AF59E1200F0D082;
			productRefGroup = D3F3B0911AF59E1200F0D082 /* Products */;
			projectDirPath = "";
			projectRoot = "";
			targets = (
				D3F3B08F1AF59E1200F0D082 /* FinalProject */,
				D3F3B0A71AF59E1200F0D082 /* FinalProjectTests */,
			);
		};
/* End PBXProject section */

/* Begin PBXResourcesBuildPhase section */
		D3F3B08E1AF59E1200F0D082 /* Resources */ = {
			isa = PBXResourcesBuildPhase;
			buildActionMask = 2147483647;
			files = (
				D3F3B09E1AF59E1200F0D082 /* Main.storyboard in Resources */,
				D3F3B0A31AF59E1200F0D082 /* LaunchScreen.xib in Resources */,
				D3F3B0A01AF59E1200F0D082 /* Images.xcassets in Resources */,
			);
			runOnlyForDeploymentPostprocessing = 0;
		};
		D3F3B0A61AF59E1200F0D082 /* Resources */ = {
			isa = PBXResourcesBuildPhase;
			buildActionMask = 2147483647;
			files = (
			);
			runOnlyForDeploymentPostprocessing = 0;
		};
/* End PBXResourcesBuildPhase section */

/* Begin PBXSourcesBuildPhase section */
		D3F3B08C1AF59E1200F0D082 /* Sources */ = {
			isa = PBXSourcesBuildPhase;
			buildActionMask = 2147483647;
			files = (
				D3F3B09B1AF59E1200F0D082 /* ViewController.swift in Sources */,
				D3F3B0991AF59E1200F0D082 /* FinalProject.xcdatamodeld in Sources */,
				D3F3B0961AF59E1200F0D082 /* AppDelegate.swift in Sources */,
			);
			runOnlyForDeploymentPostprocessing = 0;
		};
		D3F3B0A41AF59E1200F0D082 /* Sources */ = {
			isa = PBXSourcesBuildPhase;
			buildActionMask = 2147483647;
			files = (
				D3F3B0AF1AF59E1200F0D082 /* FinalProjectTests.swift in Sources */,
			);
			runOnlyForDeploymentPostprocessing = 0;
		};
/* End PBXSourcesBuildPhase section */

/* Begin PBXTargetDependency section */
		D3F3B0AA1AF59E1200F0D082 /* PBXTargetDependency */ = {
			isa = PBXTargetDependency;
			target = D3F3B08F1AF59E1200F0D082 /* FinalProject */;
			targetProxy = D3F3B0A91AF59E1200F0D082 /* PBXContainerItemProxy */;
		};
/* End PBXTargetDependency section */

/* Begin PBXVariantGroup section */
		D3F3B09C1AF59E1200F0D082 /* Main.storyboard */ = {
			isa = PBXVariantGroup;
			children = (
				D3F3B09D1AF59E1200F0D082 /* Base */,
			);
			name = Main.storyboard;
			sourceTree = "<group>";
		};
		D3F3B0A11AF59E1200F0D082 /* LaunchScreen.xib */ = {
			isa = PBXVariantGroup;
			children = (
				D3F3B0A21AF59E1200F0D082 /* Base */,
			);
			name = LaunchScreen.xib;
			sourceTree = "<group>";
		};
/* End PBXVariantGroup section */

/* Begin XCBuildConfiguration section */
		D3F3B0B01AF59E1200F0D082 /* Debug */ = {
			isa = XCBuildConfiguration;
			buildSettings = {
				ALWAYS_SEARCH_USER_PATHS = NO;
				CLANG_CXX_LANGUAGE_STANDARD = "gnu++0x";
				CLANG_CXX_LIBRARY = "libc++";
				CLANG_ENABLE_MODULES = YES;
				CLANG_ENABLE_OBJC_ARC = YES;
				CLANG_WARN_BOOL_CONVERSION = YES;
				CLANG_WARN_CONSTANT_CONVERSION = YES;
				CLANG_WARN_DIRECT_OBJC_ISA_USAGE = YES_ERROR;
				CLANG_WARN_EMPTY_BODY = YES;
				CLANG_WARN_ENUM_CONVERSION = YES;
				CLANG_WARN_INT_CONVERSION = YES;
				CLANG_WARN_OBJC_ROOT_CLASS = YES_ERROR;
				CLANG_WARN_UNREACHABLE_CODE = YES;
				CLANG_WARN__DUPLICATE_METHOD_MATCH = YES;
				"CODE_SIGN_IDENTITY[sdk=iphoneos*]" = "iPhone Developer";
				COPY_PHASE_STRIP = NO;
				ENABLE_STRICT_OBJC_MSGSEND = YES;
				GCC_C_LANGUAGE_STANDARD = gnu99;
				GCC_DYNAMIC_NO_PIC = NO;
				GCC_OPTIMIZATION_LEVEL = 0;
				GCC_PREPROCESSOR_DEFINITIONS = (
					"DEBUG=1",
					"$(inherited)",
				);
				GCC_SYMBOLS_PRIVATE_EXTERN = NO;
				GCC_WARN_64_TO_32_BIT_CONVERSION = YES;
				GCC_WARN_ABOUT_RETURN_TYPE = YES_ERROR;
				GCC_WARN_UNDECLARED_SELECTOR = YES;
				GCC_WARN_UNINITIALIZED_AUTOS = YES_AGGRESSIVE;
				GCC_WARN_UNUSED_FUNCTION = YES;
				GCC_WARN_UNUSED_VARIABLE = YES;
				IPHONEOS_DEPLOYMENT_TARGET = 8.2;
				MTL_ENABLE_DEBUG_INFO = YES;
				ONLY_ACTIVE_ARCH = YES;
				SDKROOT = iphoneos;
				SWIFT_OPTIMIZATION_LEVEL = "-Onone";
			};
			name = Debug;
		};
		D3F3B0B11AF59E1200F0D082 /* Release */ = {
			isa = XCBuildConfiguration;
			buildSettings = {
				ALWAYS_SEARCH_USER_PATHS = NO;
				CLANG_CXX_LANGUAGE_STANDARD = "gnu++0x";
				CLANG_CXX_LIBRARY = "libc++";
				CLANG_ENABLE_MODULES = YES;
				CLANG_ENABLE_OBJC_ARC = YES;
				CLANG_WARN_BOOL_CONVERSION = YES;
				CLANG_WARN_CONSTANT_CONVERSION = YES;
				CLANG_WARN_DIRECT_OBJC_ISA_USAGE = YES_ERROR;
				CLANG_WARN_EMPTY_BODY = YES;
				CLANG_WARN_ENUM_CONVERSION = YES;
				CLANG_WARN_INT_CONVERSION = YES;
				CLANG_WARN_OBJC_ROOT_CLASS = YES_ERROR;
				CLANG_WARN_UNREACHABLE_CODE = YES;
				CLANG_WARN__DUPLICATE_METHOD_MATCH = YES;
				"CODE_SIGN_IDENTITY[sdk=iphoneos*]" = "iPhone Developer";
				COPY_PHASE_STRIP = NO;
				ENABLE_NS_ASSERTIONS = NO;
				ENABLE_STRICT_OBJC_MSGSEND = YES;
				GCC_C_LANGUAGE_STANDARD = gnu99;
				GCC_WARN_64_TO_32_BIT_CONVERSION = YES;
				GCC_WARN_ABOUT_RETURN_TYPE = YES_ERROR;
				GCC_WARN_UNDECLARED_SELECTOR = YES;
				GCC_WARN_UNINITIALIZED_AUTOS = YES_AGGRESSIVE;
				GCC_WARN_UNUSED_FUNCTION = YES;
				GCC_WARN_UNUSED_VARIABLE = YES;
				IPHONEOS_DEPLOYMENT_TARGET = 8.2;
				MTL_ENABLE_DEBUG_INFO = NO;
				SDKROOT = iphoneos;
				VALIDATE_PRODUCT = YES;
			};
			name = Release;
		};
		D3F3B0B31AF59E1200F0D082 /* Debug */ = {
			isa = XCBuildConfiguration;
			buildSettings = {
				ASSETCATALOG_COMPILER_APPICON_NAME = AppIcon;
				INFOPLIST_FILE = FinalProject/Info.plist;
				LD_RUNPATH_SEARCH_PATHS = "$(inherited) @executable_path/Frameworks";
				PRODUCT_NAME = "$(TARGET_NAME)";
			};
			name = Debug;
		};
		D3F3B0B41AF59E1200F0D082 /* Release */ = {
			isa = XCBuildConfiguration;
			buildSettings = {
				ASSETCATALOG_COMPILER_APPICON_NAME = AppIcon;
				INFOPLIST_FILE = FinalProject/Info.plist;
				LD_RUNPATH_SEARCH_PATHS = "$(inherited) @executable_path/Frameworks";
				PRODUCT_NAME = "$(TARGET_NAME)";
			};
			name = Release;
		};
		D3F3B0B61AF59E1300F0D082 /* Debug */ = {
			isa = XCBuildConfiguration;
			buildSettings = {
				BUNDLE_LOADER = "$(TEST_HOST)";
				FRAMEWORK_SEARCH_PATHS = (
					"$(SDKROOT)/Developer/Library/Frameworks",
					"$(inherited)",
				);
				GCC_PREPROCESSOR_DEFINITIONS = (
					"DEBUG=1",
					"$(inherited)",
				);
				INFOPLIST_FILE = FinalProjectTests/Info.plist;
				LD_RUNPATH_SEARCH_PATHS = "$(inherited) @executable_path/Frameworks @loader_path/Frameworks";
				PRODUCT_NAME = "$(TARGET_NAME)";
				TEST_HOST = "$(BUILT_PRODUCTS_DIR)/FinalProject.app/FinalProject";
			};
			name = Debug;
		};
		D3F3B0B71AF59E1300F0D082 /* Release */ = {
			isa = XCBuildConfiguration;
			buildSettings = {
				BUNDLE_LOADER = "$(TEST_HOST)";
				FRAMEWORK_SEARCH_PATHS = (
					"$(SDKROOT)/Developer/Library/Frameworks",
					"$(inherited)",
				);
				INFOPLIST_FILE = FinalProjectTests/Info.plist;
				LD_RUNPATH_SEARCH_PATHS = "$(inherited) @executable_path/Frameworks @loader_path/Frameworks";
				PRODUCT_NAME = "$(TARGET_NAME)";
				TEST_HOST = "$(BUILT_PRODUCTS_DIR)/FinalProject.app/FinalProject";
			};
			name = Release;
		};
/* End XCBuildConfiguration section */

/* Begin XCConfigurationList section */
		D3F3B08B1AF59E1200F0D082 /* Build configuration list for PBXProject "FinalProject" */ = {
			isa = XCConfigurationList;
			buildConfigurations = (
				D3F3B0B01AF59E1200F0D082 /* Debug */,
				D3F3B0B11AF59E1200F0D082 /* Release */,
			);
			defaultConfigurationIsVisible = 0;
			defaultConfigurationName = Release;
		};
		D3F3B0B21AF59E1200F0D082 /* Build configuration list for PBXNativeTarget "FinalProject" */ = {
			isa = XCConfigurationList;
			buildConfigurations = (
				D3F3B0B31AF59E1200F0D082 /* Debug */,
				D3F3B0B41AF59E1200F0D082 /* Release */,
			);
			defaultConfigurationIsVisible = 0;
		};
		D3F3B0B51AF59E1300F0D082 /* Build configuration list for PBXNativeTarget "FinalProjectTests" */ = {
			isa = XCConfigurationList;
			buildConfigurations = (
				D3F3B0B61AF59E1300F0D082 /* Debug */,
				D3F3B0B71AF59E1300F0D082 /* Release */,
			);
			defaultConfigurationIsVisible = 0;
		};
/* End XCConfigurationList section */

/* Begin XCVersionGroup section */
		D3F3B0971AF59E1200F0D082 /* FinalProject.xcdatamodeld */ = {
			isa = XCVersionGroup;
			children = (
				D3F3B0981AF59E1200F0D082 /* FinalProject.xcdatamodel */,
			);
			currentVersion = D3F3B0981AF59E1200F0D082 /* FinalProject.xcdatamodel */;
			path = FinalProject.xcdatamodeld;
			sourceTree = "<group>";
			versionGroupType = wrapper.xcdatamodel;
		};
/* End XCVersionGroup section */
	};
	rootObject = D3F3B0881AF59E1200F0D082 /* Project object */;
}
